
Microsoft Visual Studio Solution File, Format Version 12.00
# Visual Studio Version 17
VisualStudioVersion = 17.6.33723.286
MinimumVisualStudioVersion = 10.0.40219.1
Project("{9A19103F-16F7-4668-BE54-9A1E7A4F7556}") = "Homework5.1", "Homework5\Homework5.1.csproj", "{87178BF2-14AA-450F-8612-AE8F4F002090}"
EndProject
Project("{9A19103F-16F7-4668-BE54-9A1E7A4F7556}") = "Homework 5.2", "Homework 5.2\Homework 5.2.csproj", "{C5838E0A-F48D-4C6F-A04F-E031C51673D6}"
EndProject
Project("{9A19103F-16F7-4668-BE54-9A1E7A4F7556}") = "Test", "Test\Test.csproj", "{871B7528-6426-4AFE-8B8F-E5E5E405295F}"
EndProject
Project("{9A19103F-16F7-4668-BE54-9A1E7A4F7556}") = "Homework6", "Homework6\Homework6.csproj", "{0EA74D4E-8F6D-4034-92A1-948462004C00}"
EndProject
Project("{9A19103F-16F7-4668-BE54-9A1E7A4F7556}") = "Classwork", "Classwork\Classwork.csproj", "{409DC348-CEA9-4F9F-8AD8-AFFCF65A408E}"
EndProject
Project("{9A19103F-16F7-4668-BE54-9A1E7A4F7556}") = "Homework8", "Homework8\Homework8.csproj", "{565321B9-94ED-4360-B3F8-26405202A5B6}"
EndProject
Project("{9A19103F-16F7-4668-BE54-9A1E7A4F7556}") = "Homework10", "Homework10\Homework10.csproj", "{BF10C95C-01C9-4507-BA66-0A95ABF479F5}"
EndProject
Project("{9A19103F-16F7-4668-BE54-9A1E7A4F7556}") = "Homework12", "BubbleSort\Homework12.csproj", "{788D1A96-E38D-4DE8-9FF5-A344A31A7B4F}"
EndProject
Project("{FAE04EC0-301F-11D3-BF4B-00C04F79EFBC}") = "Calculator", "Calculator\Calculator.csproj", "{DFBDB9D2-63AD-4F3D-B8C3-A4AFD389F6D9}"
EndProject
Project("{9A19103F-16F7-4668-BE54-9A1E7A4F7556}") = "LINQ", "LINQ\LINQ.csproj", "{3F94AECF-C65C-4548-A4D6-8A85DD551DA5}"
EndProject
Project("{9A19103F-16F7-4668-BE54-9A1E7A4F7556}") = "LogRead", "LogRead\LogRead.csproj", "{2EDE6910-E9BB-4BD9-8E30-1C34EF3F8531}"
EndProject
Project("{9A19103F-16F7-4668-BE54-9A1E7A4F7556}") = "2Thread", "2Thread\2Thread.csproj", "{1F545C30-BCB7-4D46-9038-01F0240D2E59}"
EndProject
Project("{9A19103F-16F7-4668-BE54-9A1E7A4F7556}") = "Parallel", "Parallel\Parallel.csproj", "{8477C3CA-5337-4B51-81CD-5EF714263EF6}"
EndProject
Project("{FAE04EC0-301F-11D3-BF4B-00C04F79EFBC}") = "Task-based Asynchronous Pattern", "Task-based Asynchronous Pattern\Task-based Asynchronous Pattern.csproj", "{61E7B68C-D678-4B26-916F-99975FFA9487}"
EndProject
Project("{FAE04EC0-301F-11D3-BF4B-00C04F79EFBC}") = "Parallel LINQ", "Parallel LINQ\Parallel LINQ.csproj", "{A2409C56-CABC-4C82-9C01-43FBCAC266BC}"
EndProject
Global
	GlobalSection(SolutionConfigurationPlatforms) = preSolution
		Debug|Any CPU = Debug|Any CPU
		Release|Any CPU = Release|Any CPU
	EndGlobalSection
	GlobalSection(ProjectConfigurationPlatforms) = postSolution
		{87178BF2-14AA-450F-8612-AE8F4F002090}.Debug|Any CPU.ActiveCfg = Debug|Any CPU
		{87178BF2-14AA-450F-8612-AE8F4F002090}.Debug|Any CPU.Build.0 = Debug|Any CPU
		{87178BF2-14AA-450F-8612-AE8F4F002090}.Release|Any CPU.ActiveCfg = Release|Any CPU
		{87178BF2-14AA-450F-8612-AE8F4F002090}.Release|Any CPU.Build.0 = Release|Any CPU
		{C5838E0A-F48D-4C6F-A04F-E031C51673D6}.Debug|Any CPU.ActiveCfg = Debug|Any CPU
		{C5838E0A-F48D-4C6F-A04F-E031C51673D6}.Debug|Any CPU.Build.0 = Debug|Any CPU
		{C5838E0A-F48D-4C6F-A04F-E031C51673D6}.Release|Any CPU.ActiveCfg = Release|Any CPU
		{C5838E0A-F48D-4C6F-A04F-E031C51673D6}.Release|Any CPU.Build.0 = Release|Any CPU
		{871B7528-6426-4AFE-8B8F-E5E5E405295F}.Debug|Any CPU.ActiveCfg = Debug|Any CPU
		{871B7528-6426-4AFE-8B8F-E5E5E405295F}.Debug|Any CPU.Build.0 = Debug|Any CPU
		{871B7528-6426-4AFE-8B8F-E5E5E405295F}.Release|Any CPU.ActiveCfg = Release|Any CPU
		{871B7528-6426-4AFE-8B8F-E5E5E405295F}.Release|Any CPU.Build.0 = Release|Any CPU
		{0EA74D4E-8F6D-4034-92A1-948462004C00}.Debug|Any CPU.ActiveCfg = Debug|Any CPU
		{0EA74D4E-8F6D-4034-92A1-948462004C00}.Debug|Any CPU.Build.0 = Debug|Any CPU
		{0EA74D4E-8F6D-4034-92A1-948462004C00}.Release|Any CPU.ActiveCfg = Release|Any CPU
		{0EA74D4E-8F6D-4034-92A1-948462004C00}.Release|Any CPU.Build.0 = Release|Any CPU
		{409DC348-CEA9-4F9F-8AD8-AFFCF65A408E}.Debug|Any CPU.ActiveCfg = Debug|Any CPU
		{409DC348-CEA9-4F9F-8AD8-AFFCF65A408E}.Debug|Any CPU.Build.0 = Debug|Any CPU
		{409DC348-CEA9-4F9F-8AD8-AFFCF65A408E}.Release|Any CPU.ActiveCfg = Release|Any CPU
		{409DC348-CEA9-4F9F-8AD8-AFFCF65A408E}.Release|Any CPU.Build.0 = Release|Any CPU
		{565321B9-94ED-4360-B3F8-26405202A5B6}.Debug|Any CPU.ActiveCfg = Debug|Any CPU
		{565321B9-94ED-4360-B3F8-26405202A5B6}.Debug|Any CPU.Build.0 = Debug|Any CPU
		{565321B9-94ED-4360-B3F8-26405202A5B6}.Release|Any CPU.ActiveCfg = Release|Any CPU
		{565321B9-94ED-4360-B3F8-26405202A5B6}.Release|Any CPU.Build.0 = Release|Any CPU
		{BF10C95C-01C9-4507-BA66-0A95ABF479F5}.Debug|Any CPU.ActiveCfg = Debug|Any CPU
		{BF10C95C-01C9-4507-BA66-0A95ABF479F5}.Debug|Any CPU.Build.0 = Debug|Any CPU
		{BF10C95C-01C9-4507-BA66-0A95ABF479F5}.Release|Any CPU.ActiveCfg = Release|Any CPU
		{BF10C95C-01C9-4507-BA66-0A95ABF479F5}.Release|Any CPU.Build.0 = Release|Any CPU
		{788D1A96-E38D-4DE8-9FF5-A344A31A7B4F}.Debug|Any CPU.ActiveCfg = Debug|Any CPU
		{788D1A96-E38D-4DE8-9FF5-A344A31A7B4F}.Debug|Any CPU.Build.0 = Debug|Any CPU
		{788D1A96-E38D-4DE8-9FF5-A344A31A7B4F}.Release|Any CPU.ActiveCfg = Release|Any CPU
		{788D1A96-E38D-4DE8-9FF5-A344A31A7B4F}.Release|Any CPU.Build.0 = Release|Any CPU
		{DFBDB9D2-63AD-4F3D-B8C3-A4AFD389F6D9}.Debug|Any CPU.ActiveCfg = Debug|Any CPU
		{DFBDB9D2-63AD-4F3D-B8C3-A4AFD389F6D9}.Debug|Any CPU.Build.0 = Debug|Any CPU
		{DFBDB9D2-63AD-4F3D-B8C3-A4AFD389F6D9}.Release|Any CPU.ActiveCfg = Release|Any CPU
		{DFBDB9D2-63AD-4F3D-B8C3-A4AFD389F6D9}.Release|Any CPU.Build.0 = Release|Any CPU
		{3F94AECF-C65C-4548-A4D6-8A85DD551DA5}.Debug|Any CPU.ActiveCfg = Debug|Any CPU
		{3F94AECF-C65C-4548-A4D6-8A85DD551DA5}.Debug|Any CPU.Build.0 = Debug|Any CPU
		{3F94AECF-C65C-4548-A4D6-8A85DD551DA5}.Release|Any CPU.ActiveCfg = Release|Any CPU
		{3F94AECF-C65C-4548-A4D6-8A85DD551DA5}.Release|Any CPU.Build.0 = Release|Any CPU
		{2EDE6910-E9BB-4BD9-8E30-1C34EF3F8531}.Debug|Any CPU.ActiveCfg = Debug|Any CPU
		{2EDE6910-E9BB-4BD9-8E30-1C34EF3F8531}.Debug|Any CPU.Build.0 = Debug|Any CPU
		{2EDE6910-E9BB-4BD9-8E30-1C34EF3F8531}.Release|Any CPU.ActiveCfg = Release|Any CPU
		{2EDE6910-E9BB-4BD9-8E30-1C34EF3F8531}.Release|Any CPU.Build.0 = Release|Any CPU
		{1F545C30-BCB7-4D46-9038-01F0240D2E59}.Debug|Any CPU.ActiveCfg = Debug|Any CPU
		{1F545C30-BCB7-4D46-9038-01F0240D2E59}.Debug|Any CPU.Build.0 = Debug|Any CPU
		{1F545C30-BCB7-4D46-9038-01F0240D2E59}.Release|Any CPU.ActiveCfg = Release|Any CPU
		{1F545C30-BCB7-4D46-9038-01F0240D2E59}.Release|Any CPU.Build.0 = Release|Any CPU
		{8477C3CA-5337-4B51-81CD-5EF714263EF6}.Debug|Any CPU.ActiveCfg = Debug|Any CPU
		{8477C3CA-5337-4B51-81CD-5EF714263EF6}.Debug|Any CPU.Build.0 = Debug|Any CPU
		{8477C3CA-5337-4B51-81CD-5EF714263EF6}.Release|Any CPU.ActiveCfg = Release|Any CPU
		{8477C3CA-5337-4B51-81CD-5EF714263EF6}.Release|Any CPU.Build.0 = Release|Any CPU
		{61E7B68C-D678-4B26-916F-99975FFA9487}.Debug|Any CPU.ActiveCfg = Debug|Any CPU
		{61E7B68C-D678-4B26-916F-99975FFA9487}.Debug|Any CPU.Build.0 = Debug|Any CPU
		{61E7B68C-D678-4B26-916F-99975FFA9487}.Release|Any CPU.ActiveCfg = Release|Any CPU
		{61E7B68C-D678-4B26-916F-99975FFA9487}.Release|Any CPU.Build.0 = Release|Any CPU
		{A2409C56-CABC-4C82-9C01-43FBCAC266BC}.Debug|Any CPU.ActiveCfg = Debug|Any CPU
		{A2409C56-CABC-4C82-9C01-43FBCAC266BC}.Debug|Any CPU.Build.0 = Debug|Any CPU
		{A2409C56-CABC-4C82-9C01-43FBCAC266BC}.Release|Any CPU.ActiveCfg = Release|Any CPU
		{A2409C56-CABC-4C82-9C01-43FBCAC266BC}.Release|Any CPU.Build.0 = Release|Any CPU
	EndGlobalSection
	GlobalSection(SolutionProperties) = preSolution
		HideSolutionNode = FALSE
	EndGlobalSection
	GlobalSection(ExtensibilityGlobals) = postSolution
		SolutionGuid = {A276A77B-F638-4949-8BD9-6FF11191B321}
	EndGlobalSection
EndGlobal
